
Microsoft Visual Studio Solution File, Format Version 12.00
# Visual Studio Version 16
VisualStudioVersion = 16.0.31424.327
MinimumVisualStudioVersion = 10.0.40219.1
Project("{FAE04EC0-301F-11D3-BF4B-00C04F79EFBC}") = "ref out HW", "ref out HW\ref out HW.csproj", "{78121F9F-1E30-46B0-B403-A832241BAC59}"
EndProject
Global
	GlobalSection(SolutionConfigurationPlatforms) = preSolution
		Debug|Any CPU = Debug|Any CPU
		Release|Any CPU = Release|Any CPU
	EndGlobalSection
	GlobalSection(ProjectConfigurationPlatforms) = postSolution
		{78121F9F-1E30-46B0-B403-A832241BAC59}.Debug|Any CPU.ActiveCfg = Debug|Any CPU
		{78121F9F-1E30-46B0-B403-A832241BAC59}.Debug|Any CPU.Build.0 = Debug|Any CPU
		{78121F9F-1E30-46B0-B403-A832241BAC59}.Release|Any CPU.ActiveCfg = Release|Any CPU
		{78121F9F-1E30-46B0-B403-A832241BAC59}.Release|Any CPU.Build.0 = Release|Any CPU
	EndGlobalSection
	GlobalSection(SolutionProperties) = preSolution
		HideSolutionNode = FALSE
	EndGlobalSection
	GlobalSection(ExtensibilityGlobals) = postSolution
		SolutionGuid = {E89FBBE5-6CB7-4861-933E-75BDEEC9611A}
	EndGlobalSection
EndGlobal
